
Microsoft Visual Studio Solution File, Format Version 12.00
# Visual Studio 2013
VisualStudioVersion = 12.0.40629.0
MinimumVisualStudioVersion = 10.0.40219.1
Project("{FAE04EC0-301F-11D3-BF4B-00C04F79EFBC}") = "TechnicalIndicators", "TechnicalIndicators\TechnicalIndicators.csproj", "{5F9157FD-46D7-43E5-A2FB-B9D6B30AB0D7}"
EndProject
Project("{FAE04EC0-301F-11D3-BF4B-00C04F79EFBC}") = "System.Cobra", "System.Cobra\System.Cobra.csproj", "{838BD1C0-5BF6-42CF-9361-9669DFB4C4B0}"
EndProject
Project("{FAE04EC0-301F-11D3-BF4B-00C04F79EFBC}") = "TechnicalIndicatorsTests", "TechnicalIndicatorsTests\TechnicalIndicatorsTests.csproj", "{C13103E6-5287-459A-845B-7D906E7CCCBD}"
EndProject
Project("{FAE04EC0-301F-11D3-BF4B-00C04F79EFBC}") = "System.Cobra.Tests", "System.Cobra.Tests\System.Cobra.Tests.csproj", "{AD8B7F4B-7E8A-4E6E-B5A6-FA5D0F7947B0}"
EndProject
Project("{CC5FD16D-436D-48AD-A40C-5A424C6E3E79}") = "TraderCS", "TraderCS\TraderCS.ccproj", "{0D979F17-90FE-4E57-A2B6-22D2FBC6B04C}"
EndProject
Project("{FAE04EC0-301F-11D3-BF4B-00C04F79EFBC}") = "TraderWR", "TraderWR\TraderWR.csproj", "{0D730D16-DF10-4F39-B1ED-DF49C8A7CDC6}"
EndProject
Project("{FAE04EC0-301F-11D3-BF4B-00C04F79EFBC}") = "BrokerAdapter.Oanda", "BrokerAdapter.Oanda\BrokerAdapter.Oanda.csproj", "{3B8F638C-BBFB-4831-8530-FA309CECD770}"
EndProject
Project("{FAE04EC0-301F-11D3-BF4B-00C04F79EFBC}") = "OANDARestLibrary", "..\rest-csharp-refimpl-emardini\Reference Implementation\OANDARestLibrary\OANDARestLibrary.csproj", "{22F134F0-E5A3-496A-BE6B-75680F014388}"
EndProject
Project("{FAE04EC0-301F-11D3-BF4B-00C04F79EFBC}") = "BrokerAdapter.BackTest", "BrokerAdapter.BackTest\BrokerAdapter.BackTest.csproj", "{B5DE66D1-BC10-4F21-B35D-D59532D08390}"
EndProject
Project("{FAE04EC0-301F-11D3-BF4B-00C04F79EFBC}") = "BackTestAdapterConsole", "BackTestAdapterConsole\BackTestAdapterConsole.csproj", "{CA37DF97-D246-4149-A879-E8C9D3C5D4FF}"
EndProject
Project("{2150E333-8FDC-42A3-9474-1A3956D46DE8}") = "Documents", "Documents", "{36B64217-9786-4600-B2D8-C7CC923AC1D5}"
	ProjectSection(SolutionItems) = preProject
		ToDo.md = ToDo.md
	EndProjectSection
EndProject
Project("{FAE04EC0-301F-11D3-BF4B-00C04F79EFBC}") = "KeepAlive", "KeepAlive\KeepAlive.csproj", "{872A7991-54D5-4A3C-94CE-F3418DD8CDA1}"
EndProject
Project("{FAE04EC0-301F-11D3-BF4B-00C04F79EFBC}") = "CobraGBPUSD", "CobraGBPUSD\CobraGBPUSD.csproj", "{A476700D-BDDE-408A-B2B5-F6957D29685A}"
EndProject
Project("{FAE04EC0-301F-11D3-BF4B-00C04F79EFBC}") = "CobraEURUSD", "CobraEURUSD\CobraEURUSD.csproj", "{166B6F48-04C8-4E25-AC64-E452F0EA441B}"
EndProject
Project("{FAE04EC0-301F-11D3-BF4B-00C04F79EFBC}") = "CobraUSDJPY", "CobraUSDJPY\CobraUSDJPY.csproj", "{D095E2D6-72CA-4C32-B70B-9473CD653A2D}"
EndProject
Project("{FAE04EC0-301F-11D3-BF4B-00C04F79EFBC}") = "CobraUSDCHF", "CobraUSDCHF\CobraUSDCHF.csproj", "{EC231F9D-E358-4F5D-A313-7713B2DE61E4}"
EndProject
Global
	GlobalSection(SolutionConfigurationPlatforms) = preSolution
		Debug|Any CPU = Debug|Any CPU
		Release|Any CPU = Release|Any CPU
	EndGlobalSection
	GlobalSection(ProjectConfigurationPlatforms) = postSolution
		{5F9157FD-46D7-43E5-A2FB-B9D6B30AB0D7}.Debug|Any CPU.ActiveCfg = Debug|Any CPU
		{5F9157FD-46D7-43E5-A2FB-B9D6B30AB0D7}.Debug|Any CPU.Build.0 = Debug|Any CPU
		{5F9157FD-46D7-43E5-A2FB-B9D6B30AB0D7}.Release|Any CPU.ActiveCfg = Release|Any CPU
		{5F9157FD-46D7-43E5-A2FB-B9D6B30AB0D7}.Release|Any CPU.Build.0 = Release|Any CPU
		{838BD1C0-5BF6-42CF-9361-9669DFB4C4B0}.Debug|Any CPU.ActiveCfg = Debug|Any CPU
		{838BD1C0-5BF6-42CF-9361-9669DFB4C4B0}.Debug|Any CPU.Build.0 = Debug|Any CPU
		{838BD1C0-5BF6-42CF-9361-9669DFB4C4B0}.Release|Any CPU.ActiveCfg = Release|Any CPU
		{838BD1C0-5BF6-42CF-9361-9669DFB4C4B0}.Release|Any CPU.Build.0 = Release|Any CPU
		{C13103E6-5287-459A-845B-7D906E7CCCBD}.Debug|Any CPU.ActiveCfg = Debug|Any CPU
		{C13103E6-5287-459A-845B-7D906E7CCCBD}.Debug|Any CPU.Build.0 = Debug|Any CPU
		{C13103E6-5287-459A-845B-7D906E7CCCBD}.Release|Any CPU.ActiveCfg = Release|Any CPU
		{C13103E6-5287-459A-845B-7D906E7CCCBD}.Release|Any CPU.Build.0 = Release|Any CPU
		{AD8B7F4B-7E8A-4E6E-B5A6-FA5D0F7947B0}.Debug|Any CPU.ActiveCfg = Debug|Any CPU
		{AD8B7F4B-7E8A-4E6E-B5A6-FA5D0F7947B0}.Debug|Any CPU.Build.0 = Debug|Any CPU
		{AD8B7F4B-7E8A-4E6E-B5A6-FA5D0F7947B0}.Release|Any CPU.ActiveCfg = Release|Any CPU
		{AD8B7F4B-7E8A-4E6E-B5A6-FA5D0F7947B0}.Release|Any CPU.Build.0 = Release|Any CPU
		{0D979F17-90FE-4E57-A2B6-22D2FBC6B04C}.Debug|Any CPU.ActiveCfg = Debug|Any CPU
		{0D979F17-90FE-4E57-A2B6-22D2FBC6B04C}.Debug|Any CPU.Build.0 = Debug|Any CPU
		{0D979F17-90FE-4E57-A2B6-22D2FBC6B04C}.Release|Any CPU.ActiveCfg = Release|Any CPU
		{0D979F17-90FE-4E57-A2B6-22D2FBC6B04C}.Release|Any CPU.Build.0 = Release|Any CPU
		{0D730D16-DF10-4F39-B1ED-DF49C8A7CDC6}.Debug|Any CPU.ActiveCfg = Debug|Any CPU
		{0D730D16-DF10-4F39-B1ED-DF49C8A7CDC6}.Debug|Any CPU.Build.0 = Debug|Any CPU
		{0D730D16-DF10-4F39-B1ED-DF49C8A7CDC6}.Release|Any CPU.ActiveCfg = Release|Any CPU
		{0D730D16-DF10-4F39-B1ED-DF49C8A7CDC6}.Release|Any CPU.Build.0 = Release|Any CPU
		{3B8F638C-BBFB-4831-8530-FA309CECD770}.Debug|Any CPU.ActiveCfg = Debug|Any CPU
		{3B8F638C-BBFB-4831-8530-FA309CECD770}.Debug|Any CPU.Build.0 = Debug|Any CPU
		{3B8F638C-BBFB-4831-8530-FA309CECD770}.Release|Any CPU.ActiveCfg = Release|Any CPU
		{3B8F638C-BBFB-4831-8530-FA309CECD770}.Release|Any CPU.Build.0 = Release|Any CPU
		{22F134F0-E5A3-496A-BE6B-75680F014388}.Debug|Any CPU.ActiveCfg = Debug|Any CPU
		{22F134F0-E5A3-496A-BE6B-75680F014388}.Debug|Any CPU.Build.0 = Debug|Any CPU
		{22F134F0-E5A3-496A-BE6B-75680F014388}.Release|Any CPU.ActiveCfg = Release|Any CPU
		{22F134F0-E5A3-496A-BE6B-75680F014388}.Release|Any CPU.Build.0 = Release|Any CPU
		{B5DE66D1-BC10-4F21-B35D-D59532D08390}.Debug|Any CPU.ActiveCfg = Debug|Any CPU
		{B5DE66D1-BC10-4F21-B35D-D59532D08390}.Debug|Any CPU.Build.0 = Debug|Any CPU
		{B5DE66D1-BC10-4F21-B35D-D59532D08390}.Release|Any CPU.ActiveCfg = Release|Any CPU
		{B5DE66D1-BC10-4F21-B35D-D59532D08390}.Release|Any CPU.Build.0 = Release|Any CPU
		{CA37DF97-D246-4149-A879-E8C9D3C5D4FF}.Debug|Any CPU.ActiveCfg = Debug|Any CPU
		{CA37DF97-D246-4149-A879-E8C9D3C5D4FF}.Debug|Any CPU.Build.0 = Debug|Any CPU
		{CA37DF97-D246-4149-A879-E8C9D3C5D4FF}.Release|Any CPU.ActiveCfg = Release|Any CPU
		{CA37DF97-D246-4149-A879-E8C9D3C5D4FF}.Release|Any CPU.Build.0 = Release|Any CPU
		{872A7991-54D5-4A3C-94CE-F3418DD8CDA1}.Debug|Any CPU.ActiveCfg = Debug|Any CPU
		{872A7991-54D5-4A3C-94CE-F3418DD8CDA1}.Debug|Any CPU.Build.0 = Debug|Any CPU
		{872A7991-54D5-4A3C-94CE-F3418DD8CDA1}.Release|Any CPU.ActiveCfg = Release|Any CPU
		{872A7991-54D5-4A3C-94CE-F3418DD8CDA1}.Release|Any CPU.Build.0 = Release|Any CPU
		{A476700D-BDDE-408A-B2B5-F6957D29685A}.Debug|Any CPU.ActiveCfg = Debug|Any CPU
		{A476700D-BDDE-408A-B2B5-F6957D29685A}.Debug|Any CPU.Build.0 = Debug|Any CPU
		{A476700D-BDDE-408A-B2B5-F6957D29685A}.Release|Any CPU.ActiveCfg = Release|Any CPU
		{A476700D-BDDE-408A-B2B5-F6957D29685A}.Release|Any CPU.Build.0 = Release|Any CPU
		{166B6F48-04C8-4E25-AC64-E452F0EA441B}.Debug|Any CPU.ActiveCfg = Debug|Any CPU
		{166B6F48-04C8-4E25-AC64-E452F0EA441B}.Debug|Any CPU.Build.0 = Debug|Any CPU
		{166B6F48-04C8-4E25-AC64-E452F0EA441B}.Release|Any CPU.ActiveCfg = Release|Any CPU
		{166B6F48-04C8-4E25-AC64-E452F0EA441B}.Release|Any CPU.Build.0 = Release|Any CPU
		{D095E2D6-72CA-4C32-B70B-9473CD653A2D}.Debug|Any CPU.ActiveCfg = Debug|Any CPU
		{D095E2D6-72CA-4C32-B70B-9473CD653A2D}.Debug|Any CPU.Build.0 = Debug|Any CPU
		{D095E2D6-72CA-4C32-B70B-9473CD653A2D}.Release|Any CPU.ActiveCfg = Release|Any CPU
		{D095E2D6-72CA-4C32-B70B-9473CD653A2D}.Release|Any CPU.Build.0 = Release|Any CPU
		{EC231F9D-E358-4F5D-A313-7713B2DE61E4}.Debug|Any CPU.ActiveCfg = Debug|Any CPU
		{EC231F9D-E358-4F5D-A313-7713B2DE61E4}.Debug|Any CPU.Build.0 = Debug|Any CPU
		{EC231F9D-E358-4F5D-A313-7713B2DE61E4}.Release|Any CPU.ActiveCfg = Release|Any CPU
		{EC231F9D-E358-4F5D-A313-7713B2DE61E4}.Release|Any CPU.Build.0 = Release|Any CPU
	EndGlobalSection
	GlobalSection(SolutionProperties) = preSolution
		HideSolutionNode = FALSE
	EndGlobalSection
EndGlobal
